# This file is automatically @generated by Cargo.
# It is not intended for manual editing.
version = 4

[[package]]
name = "bbkemu-core"
version = "0.1.0"
dependencies = [
 "log",
 "mos6502",
]

[[package]]
name = "bitflags"
version = "2.13.2"
source = "registry+https://github.com/rust-lang/crates.io-index"
checksum = "3ded4057c258ba199e2d26386d3af3780957ecaee6c4ef4041c6b4b8b97c0b06"

[[package]]
name = "ioprof"
version = "0.1.0"
dependencies = [
 "bbkemu-core",
]

[[package]]
name = "log"
version = "0.4.34"
source = "registry+https://github.com/rust-lang/crates.io-index"
checksum = "f9f8bd3e56ce4dfc153cf470fffbfa98c7620958b312ca5c3a4b8d5181fd13c6"

[[package]]
name = "mos6502"
version = "0.10.1"
source = "registry+https://github.com/rust-lang/crates.io-index"
checksum = "41602b70ecb904b5359a3be5d947dacde19b03316284f1fbf804576437546e4d"
dependencies = [
 "bitflags",
 "log",
]
